
Microsoft Visual Studio Solution File, Format Version 12.00
# Visual Studio Version 17
VisualStudioVersion = 17.2.32630.192
MinimumVisualStudioVersion = 10.0.40219.1
Project("{FAE04EC0-301F-11D3-BF4B-00C04F79EFBC}") = "LoyalHealthAPI", "LoyalHealthAPI\LoyalHealthAPI.csproj", "{E8759958-36B9-4B7B-ABD5-78BC2A7E73D8}"
EndProject
Global
	GlobalSection(SolutionConfigurationPlatforms) = preSolution
		Debug|Any CPU = Debug|Any CPU
		Release|Any CPU = Release|Any CPU
	EndGlobalSection
	GlobalSection(ProjectConfigurationPlatforms) = postSolution
		{E8759958-36B9-4B7B-ABD5-78BC2A7E73D8}.Debug|Any CPU.ActiveCfg = Debug|Any CPU
		{E8759958-36B9-4B7B-ABD5-78BC2A7E73D8}.Debug|Any CPU.Build.0 = Debug|Any CPU
		{E8759958-36B9-4B7B-ABD5-78BC2A7E73D8}.Release|Any CPU.ActiveCfg = Release|Any CPU
		{E8759958-36B9-4B7B-ABD5-78BC2A7E73D8}.Release|Any CPU.Build.0 = Release|Any CPU
	EndGlobalSection
	GlobalSection(SolutionProperties) = preSolution
		HideSolutionNode = FALSE
	EndGlobalSection
	GlobalSection(ExtensibilityGlobals) = postSolution
		SolutionGuid = {2D7F7A65-7234-447E-9BC2-AA582B98592D}
	EndGlobalSection
EndGlobal
